// !$*UTF8*$!
{
	archiveVersion = 1;
	classes = {
	};
	objectVersion = 46;
	objects = {

/* Begin PBXBuildFile section */
		48B6A90CE17221B813321609 /* libPods-0623AfterClassPracticeAFNetworking.a in Frameworks */ = {isa = PBXBuildFile; fileRef = 8FD467D86334F3C18F19251B /* libPods-0623AfterClassPracticeAFNetworking.a */; };
		A717C4831B40DB3700322017 /* EventTableViewController.m in Sources */ = {isa = PBXBuildFile; fileRef = A717C4821B40DB3700322017 /* EventTableViewController.m */; };
		A775678D1B3AA76100A32A5A /* CoursesTableViewController.m in Sources */ = {isa = PBXBuildFile; fileRef = A775678C1B3AA76100A32A5A /* CoursesTableViewController.m */; };
		A77567931B3ACCD400A32A5A /* BeginACViewController.m in Sources */ = {isa = PBXBuildFile; fileRef = A77567921B3ACCD400A32A5A /* BeginACViewController.m */; };
		A77567961B3ACD4800A32A5A /* ViewController.m in Sources */ = {isa = PBXBuildFile; fileRef = A77567951B3ACD4800A32A5A /* ViewController.m */; };
		A77567991B3ACEC100A32A5A /* FirstUserPassViewController.m in Sources */ = {isa = PBXBuildFile; fileRef = A77567981B3ACEC100A32A5A /* FirstUserPassViewController.m */; };
		A775679C1B3AD76C00A32A5A /* BeginTabBarViewController.m in Sources */ = {isa = PBXBuildFile; fileRef = A775679B1B3AD76C00A32A5A /* BeginTabBarViewController.m */; };
		A7965EAB1B3AA1D200D549FC /* main.m in Sources */ = {isa = PBXBuildFile; fileRef = A7965EAA1B3AA1D200D549FC /* main.m */; };
		A7965EAE1B3AA1D200D549FC /* AppDelegate.m in Sources */ = {isa = PBXBuildFile; fileRef = A7965EAD1B3AA1D200D549FC /* AppDelegate.m */; };
		A7965EB41B3AA1D200D549FC /* Main.storyboard in Resources */ = {isa = PBXBuildFile; fileRef = A7965EB21B3AA1D200D549FC /* Main.storyboard */; };
		A7965EB61B3AA1D200D549FC /* Images.xcassets in Resources */ = {isa = PBXBuildFile; fileRef = A7965EB51B3AA1D200D549FC /* Images.xcassets */; };
		A7965EB91B3AA1D200D549FC /* LaunchScreen.xib in Resources */ = {isa = PBXBuildFile; fileRef = A7965EB71B3AA1D200D549FC /* LaunchScreen.xib */; };
		A7965EC51B3AA1D200D549FC /* _623AfterClassPracticeAFNetworkingTests.m in Sources */ = {isa = PBXBuildFile; fileRef = A7965EC41B3AA1D200D549FC /* _623AfterClassPracticeAFNetworkingTests.m */; };
/* End PBXBuildFile section */

/* Begin PBXContainerItemProxy section */
		A7965EBF1B3AA1D200D549FC /* PBXContainerItemProxy */ = {
			isa = PBXContainerItemProxy;
			containerPortal = A7965E9D1B3AA1D100D549FC /* Project object */;
			proxyType = 1;
			remoteGlobalIDString = A7965EA41B3AA1D100D549FC;
			remoteInfo = 0623AfterClassPracticeAFNetworking;
		};
/* End PBXContainerItemProxy section */

/* Begin PBXFileReference section */
		494B27F1C3B7832EF973E9CB /* Pods-0623AfterClassPracticeAFNetworking.debug.xcconfig */ = {isa = PBXFileReference; includeInIndex = 1; lastKnownFileType = text.xcconfig; name = "Pods-0623AfterClassPracticeAFNetworking.debug.xcconfig"; path = "Pods/Target Support Files/Pods-0623AfterClassPracticeAFNetworking/Pods-0623AfterClassPracticeAFNetworking.debug.xcconfig"; sourceTree = "<group>"; };
		531AEEC20CC18CE0FFC87089 /* Pods-0623AfterClassPracticeAFNetworking.release.xcconfig */ = {isa = PBXFileReference; includeInIndex = 1; lastKnownFileType = text.xcconfig; name = "Pods-0623AfterClassPracticeAFNetworking.release.xcconfig"; path = "Pods/Target Support Files/Pods-0623AfterClassPracticeAFNetworking/Pods-0623AfterClassPracticeAFNetworking.release.xcconfig"; sourceTree = "<group>"; };
		8FD467D86334F3C18F19251B /* libPods-0623AfterClassPracticeAFNetworking.a */ = {isa = PBXFileReference; explicitFileType = archive.ar; includeInIndex = 0; path = "libPods-0623AfterClassPracticeAFNetworking.a"; sourceTree = BUILT_PRODUCTS_DIR; };
		A717C4811B40DB3700322017 /* EventTableViewController.h */ = {isa = PBXFileReference; fileEncoding = 4; lastKnownFileType = sourcecode.c.h; path = EventTableViewController.h; sourceTree = "<group>"; };
		A717C4821B40DB3700322017 /* EventTableViewController.m */ = {isa = PBXFileReference; fileEncoding = 4; lastKnownFileType = sourcecode.c.objc; path = EventTableViewController.m; sourceTree = "<group>"; };
		A775678B1B3AA76100A32A5A /* CoursesTableViewController.h */ = {isa = PBXFileReference; fileEncoding = 4; lastKnownFileType = sourcecode.c.h; path = CoursesTableViewController.h; sourceTree = "<group>"; };
		A775678C1B3AA76100A32A5A /* CoursesTableViewController.m */ = {isa = PBXFileReference; fileEncoding = 4; lastKnownFileType = sourcecode.c.objc; path = CoursesTableViewController.m; sourceTree = "<group>"; };
		A77567911B3ACCD400A32A5A /* BeginACViewController.h */ = {isa = PBXFileReference; fileEncoding = 4; lastKnownFileType = sourcecode.c.h; path = BeginACViewController.h; sourceTree = "<group>"; };
		A77567921B3ACCD400A32A5A /* BeginACViewController.m */ = {isa = PBXFileReference; fileEncoding = 4; lastKnownFileType = sourcecode.c.objc; path = BeginACViewController.m; sourceTree = "<group>"; };
		A77567941B3ACD4800A32A5A /* ViewController.h */ = {isa = PBXFileReference; fileEncoding = 4; lastKnownFileType = sourcecode.c.h; path = ViewController.h; sourceTree = "<group>"; };
		A77567951B3ACD4800A32A5A /* ViewController.m */ = {isa = PBXFileReference; fileEncoding = 4; lastKnownFileType = sourcecode.c.objc; path = ViewController.m; sourceTree = "<group>"; };
		A77567971B3ACEC100A32A5A /* FirstUserPassViewController.h */ = {isa = PBXFileReference; fileEncoding = 4; lastKnownFileType = sourcecode.c.h; path = FirstUserPassViewController.h; sourceTree = "<group>"; };
		A77567981B3ACEC100A32A5A /* FirstUserPassViewController.m */ = {isa = PBXFileReference; fileEncoding = 4; lastKnownFileType = sourcecode.c.objc; path = FirstUserPassViewController.m; sourceTree = "<group>"; };
		A775679A1B3AD76C00A32A5A /* BeginTabBarViewController.h */ = {isa = PBXFileReference; fileEncoding = 4; lastKnownFileType = sourcecode.c.h; path = BeginTabBarViewController.h; sourceTree = "<group>"; };
		A775679B1B3AD76C00A32A5A /* BeginTabBarViewController.m */ = {isa = PBXFileReference; fileEncoding = 4; lastKnownFileType = sourcecode.c.objc; path = BeginTabBarViewController.m; sourceTree = "<group>"; };
		A7965EA51B3AA1D200D549FC /* 0623AfterClassPracticeAFNetworking.app */ = {isa = PBXFileReference; explicitFileType = wrapper.application; includeInIndex = 0; path = 0623AfterClassPracticeAFNetworking.app; sourceTree = BUILT_PRODUCTS_DIR; };
		A7965EA91B3AA1D200D549FC /* Info.plist */ = {isa = PBXFileReference; lastKnownFileType = text.plist.xml; path = Info.plist; sourceTree = "<group>"; };
		A7965EAA1B3AA1D200D549FC /* main.m */ = {isa = PBXFileReference; lastKnownFileType = sourcecode.c.objc; path = main.m; sourceTree = "<group>"; };
		A7965EAC1B3AA1D200D549FC /* AppDelegate.h */ = {isa = PBXFileReference; lastKnownFileType = sourcecode.c.h; path = AppDelegate.h; sourceTree = "<group>"; };
		A7965EAD1B3AA1D200D549FC /* AppDelegate.m */ = {isa = PBXFileReference; lastKnownFileType = sourcecode.c.objc; path = AppDelegate.m; sourceTree = "<group>"; };
		A7965EB31B3AA1D200D549FC /* Base */ = {isa = PBXFileReference; lastKnownFileType = file.storyboard; name = Base; path = Base.lproj/Main.storyboard; sourceTree = "<group>"; };
		A7965EB51B3AA1D200D549FC /* Images.xcassets */ = {isa = PBXFileReference; lastKnownFileType = folder.assetcatalog; path = Images.xcassets; sourceTree = "<group>"; };
		A7965EB81B3AA1D200D549FC /* Base */ = {isa = PBXFileReference; lastKnownFileType = file.xib; name = Base; path = Base.lproj/LaunchScreen.xib; sourceTree = "<group>"; };
		A7965EBE1B3AA1D200D549FC /* 0623AfterClassPracticeAFNetworkingTests.xctest */ = {isa = PBXFileReference; explicitFileType = wrapper.cfbundle; includeInIndex = 0; path = 0623AfterClassPracticeAFNetworkingTests.xctest; sourceTree = BUILT_PRODUCTS_DIR; };
		A7965EC31B3AA1D200D549FC /* Info.plist */ = {isa = PBXFileReference; lastKnownFileType = text.plist.xml; path = Info.plist; sourceTree = "<group>"; };
		A7965EC41B3AA1D200D549FC /* _623AfterClassPracticeAFNetworkingTests.m */ = {isa = PBXFileReference; lastKnownFileType = sourcecode.c.objc; path = _623AfterClassPracticeAFNetworkingTests.m; sourceTree = "<group>"; };
/* End PBXFileReference section */

/* Begin PBXFrameworksBuildPhase section */
		A7965EA21B3AA1D100D549FC /* Frameworks */ = {
			isa = PBXFrameworksBuildPhase;
			buildActionMask = 2147483647;
			files = (
				48B6A90CE17221B813321609 /* libPods-0623AfterClassPracticeAFNetworking.a in Frameworks */,
			);
			runOnlyForDeploymentPostprocessing = 0;
		};
		A7965EBB1B3AA1D200D549FC /* Frameworks */ = {
			isa = PBXFrameworksBuildPhase;
			buildActionMask = 2147483647;
			files = (
			);
			runOnlyForDeploymentPostprocessing = 0;
		};
/* End PBXFrameworksBuildPhase section */

/* Begin PBXGroup section */
		A775679D1B3ADD0D00A32A5A /* Begin */ = {
			isa = PBXGroup;
			children = (
				A77567911B3ACCD400A32A5A /* BeginACViewController.h */,
				A77567921B3ACCD400A32A5A /* BeginACViewController.m */,
				A77567971B3ACEC100A32A5A /* FirstUserPassViewController.h */,
				A77567981B3ACEC100A32A5A /* FirstUserPassViewController.m */,
				A775679A1B3AD76C00A32A5A /* BeginTabBarViewController.h */,
				A775679B1B3AD76C00A32A5A /* BeginTabBarViewController.m */,
			);
			name = Begin;
			sourceTree = "<group>";
		};
		A7965E9C1B3AA1D100D549FC = {
			isa = PBXGroup;
			children = (
				A7965EA71B3AA1D200D549FC /* 0623AfterClassPracticeAFNetworking */,
				A7965EC11B3AA1D200D549FC /* 0623AfterClassPracticeAFNetworkingTests */,
				A7965EA61B3AA1D200D549FC /* Products */,
				D01ACD5BBD3068BD96A24D29 /* Pods */,
				FDDBF4E7CFE3D073CB2357DC /* Frameworks */,
			);
			sourceTree = "<group>";
		};
		A7965EA61B3AA1D200D549FC /* Products */ = {
			isa = PBXGroup;
			children = (
				A7965EA51B3AA1D200D549FC /* 0623AfterClassPracticeAFNetworking.app */,
				A7965EBE1B3AA1D200D549FC /* 0623AfterClassPracticeAFNetworkingTests.xctest */,
			);
			name = Products;
			sourceTree = "<group>";
		};
		A7965EA71B3AA1D200D549FC /* 0623AfterClassPracticeAFNetworking */ = {
			isa = PBXGroup;
			children = (
				A775679D1B3ADD0D00A32A5A /* Begin */,
				A7965EAC1B3AA1D200D549FC /* AppDelegate.h */,
				A7965EAD1B3AA1D200D549FC /* AppDelegate.m */,
				A77567941B3ACD4800A32A5A /* ViewController.h */,
				A77567951B3ACD4800A32A5A /* ViewController.m */,
				A775678B1B3AA76100A32A5A /* CoursesTableViewController.h */,
				A775678C1B3AA76100A32A5A /* CoursesTableViewController.m */,
				A7965EB21B3AA1D200D549FC /* Main.storyboard */,
				A7965EB51B3AA1D200D549FC /* Images.xcassets */,
				A7965EB71B3AA1D200D549FC /* LaunchScreen.xib */,
				A7965EA81B3AA1D200D549FC /* Supporting Files */,
				A717C4811B40DB3700322017 /* EventTableViewController.h */,
				A717C4821B40DB3700322017 /* EventTableViewController.m */,
			);
			path = 0623AfterClassPracticeAFNetworking;
			sourceTree = "<group>";
		};
		A7965EA81B3AA1D200D549FC /* Supporting Files */ = {
			isa = PBXGroup;
			children = (
				A7965EA91B3AA1D200D549FC /* Info.plist */,
				A7965EAA1B3AA1D200D549FC /* main.m */,
			);
			name = "Supporting Files";
			sourceTree = "<group>";
		};
		A7965EC11B3AA1D200D549FC /* 0623AfterClassPracticeAFNetworkingTests */ = {
			isa = PBXGroup;
			children = (
				A7965EC41B3AA1D200D549FC /* _623AfterClassPracticeAFNetworkingTests.m */,
				A7965EC21B3AA1D200D549FC /* Supporting Files */,
			);
			path = 0623AfterClassPracticeAFNetworkingTests;
			sourceTree = "<group>";
		};
		A7965EC21B3AA1D200D549FC /* Supporting Files */ = {
			isa = PBXGroup;
			children = (
				A7965EC31B3AA1D200D549FC /* Info.plist */,
			);
			name = "Supporting Files";
			sourceTree = "<group>";
		};
		D01ACD5BBD3068BD96A24D29 /* Pods */ = {
			isa = PBXGroup;
			children = (
				494B27F1C3B7832EF973E9CB /* Pods-0623AfterClassPracticeAFNetworking.debug.xcconfig */,
				531AEEC20CC18CE0FFC87089 /* Pods-0623AfterClassPracticeAFNetworking.release.xcconfig */,
			);
			name = Pods;
			sourceTree = "<group>";
		};
		FDDBF4E7CFE3D073CB2357DC /* Frameworks */ = {
			isa = PBXGroup;
			children = (
				8FD467D86334F3C18F19251B /* libPods-0623AfterClassPracticeAFNetworking.a */,
			);
			name = Frameworks;
			sourceTree = "<group>";
		};
/* End PBXGroup section */

/* Begin PBXNativeTarget section */
		A7965EA41B3AA1D100D549FC /* 0623AfterClassPracticeAFNetworking */ = {
			isa = PBXNativeTarget;
			buildConfigurationList = A7965EC81B3AA1D200D549FC /* Build configuration list for PBXNativeTarget "0623AfterClassPracticeAFNetworking" */;
			buildPhases = (
				3F51AF61BD4C6F634CA05677 /* Check Pods Manifest.lock */,
				A7965EA11B3AA1D100D549FC /* Sources */,
				A7965EA21B3AA1D100D549FC /* Frameworks */,
				A7965EA31B3AA1D100D549FC /* Resources */,
				C456ED21460167CAC3884710 /* Copy Pods Resources */,
			);
			buildRules = (
			);
			dependencies = (
			);
			name = 0623AfterClassPracticeAFNetworking;
			productName = 0623AfterClassPracticeAFNetworking;
			productReference = A7965EA51B3AA1D200D549FC /* 0623AfterClassPracticeAFNetworking.app */;
			productType = "com.apple.product-type.application";
		};
		A7965EBD1B3AA1D200D549FC /* 0623AfterClassPracticeAFNetworkingTests */ = {
			isa = PBXNativeTarget;
			buildConfigurationList = A7965ECB1B3AA1D200D549FC /* Build configuration list for PBXNativeTarget "0623AfterClassPracticeAFNetworkingTests" */;
			buildPhases = (
				A7965EBA1B3AA1D200D549FC /* Sources */,
				A7965EBB1B3AA1D200D549FC /* Frameworks */,
				A7965EBC1B3AA1D200D549FC /* Resources */,
			);
			buildRules = (
			);
			dependencies = (
				A7965EC01B3AA1D200D549FC /* PBXTargetDependency */,
			);
			name = 0623AfterClassPracticeAFNetworkingTests;
			productName = 0623AfterClassPracticeAFNetworkingTests;
			productReference = A7965EBE1B3AA1D200D549FC /* 0623AfterClassPracticeAFNetworkingTests.xctest */;
			productType = "com.apple.product-type.bundle.unit-test";
		};
/* End PBXNativeTarget section */

/* Begin PBXProject section */
		A7965E9D1B3AA1D100D549FC /* Project object */ = {
			isa = PBXProject;
			attributes = {
				LastUpgradeCheck = 0630;
				ORGANIZATIONNAME = lalaleelala;
				TargetAttributes = {
					A7965EA41B3AA1D100D549FC = {
						CreatedOnToolsVersion = 6.3.2;
					};
					A7965EBD1B3AA1D200D549FC = {
						CreatedOnToolsVersion = 6.3.2;
						TestTargetID = A7965EA41B3AA1D100D549FC;
					};
				};
			};
			buildConfigurationList = A7965EA01B3AA1D100D549FC /* Build configuration list for PBXProject "0623AfterClassPracticeAFNetworking" */;
			compatibilityVersion = "Xcode 3.2";
			developmentRegion = English;
			hasScannedForEncodings = 0;
			knownRegions = (
				en,
				Base,
			);
			mainGroup = A7965E9C1B3AA1D100D549FC;
			productRefGroup = A7965EA61B3AA1D200D549FC /* Products */;
			projectDirPath = "";
			projectRoot = "";
			targets = (
				A7965EA41B3AA1D100D549FC /* 0623AfterClassPracticeAFNetworking */,
				A7965EBD1B3AA1D200D549FC /* 0623AfterClassPracticeAFNetworkingTests */,
			);
		};
/* End PBXProject section */

/* Begin PBXResourcesBuildPhase section */
		A7965EA31B3AA1D100D549FC /* Resources */ = {
			isa = PBXResourcesBuildPhase;
			buildActionMask = 2147483647;
			files = (
				A7965EB41B3AA1D200D549FC /* Main.storyboard in Resources */,
				A7965EB91B3AA1D200D549FC /* LaunchScreen.xib in Resources */,
				A7965EB61B3AA1D200D549FC /* Images.xcassets in Resources */,
			);
			runOnlyForDeploymentPostprocessing = 0;
		};
		A7965EBC1B3AA1D200D549FC /* Resources */ = {
			isa = PBXResourcesBuildPhase;
			buildActionMask = 2147483647;
			files = (
			);
			runOnlyForDeploymentPostprocessing = 0;
		};
/* End PBXResourcesBuildPhase section */

/* Begin PBXShellScriptBuildPhase section */
		3F51AF61BD4C6F634CA05677 /* Check Pods Manifest.lock */ = {
			isa = PBXShellScriptBuildPhase;
			buildActionMask = 2147483647;
			files = (
			);
			inputPaths = (
			);
			name = "Check Pods Manifest.lock";
			outputPaths = (
			);
			runOnlyForDeploymentPostprocessing = 0;
			shellPath = /bin/sh;
			shellScript = "diff \"${PODS_ROOT}/../Podfile.lock\" \"${PODS_ROOT}/Manifest.lock\" > /dev/null\nif [[ $? != 0 ]] ; then\n    cat << EOM\nerror: The sandbox is not in sync with the Podfile.lock. Run 'pod install' or update your CocoaPods installation.\nEOM\n    exit 1\nfi\n";
			showEnvVarsInLog = 0;
		};
		C456ED21460167CAC3884710 /* Copy Pods Resources */ = {
			isa = PBXShellScriptBuildPhase;
			buildActionMask = 2147483647;
			files = (
			);
			inputPaths = (
			);
			name = "Copy Pods Resources";
			outputPaths = (
			);
			runOnlyForDeploymentPostprocessing = 0;
			shellPath = /bin/sh;
			shellScript = "\"${SRCROOT}/Pods/Target Support Files/Pods-0623AfterClassPracticeAFNetworking/Pods-0623AfterClassPracticeAFNetworking-resources.sh\"\n";
			showEnvVarsInLog = 0;
		};
/* End PBXShellScriptBuildPhase section */

/* Begin PBXSourcesBuildPhase section */
		A7965EA11B3AA1D100D549FC /* Sources */ = {
			isa = PBXSourcesBuildPhase;
			buildActionMask = 2147483647;
			files = (
				A7965EAE1B3AA1D200D549FC /* AppDelegate.m in Sources */,
				A77567991B3ACEC100A32A5A /* FirstUserPassViewController.m in Sources */,
				A775679C1B3AD76C00A32A5A /* BeginTabBarViewController.m in Sources */,
				A775678D1B3AA76100A32A5A /* CoursesTableViewController.m in Sources */,
				A77567931B3ACCD400A32A5A /* BeginACViewController.m in Sources */,
				A7965EAB1B3AA1D200D549FC /* main.m in Sources */,
				A717C4831B40DB3700322017 /* EventTableViewController.m in Sources */,
				A77567961B3ACD4800A32A5A /* ViewController.m in Sources */,
			);
			runOnlyForDeploymentPostprocessing = 0;
		};
		A7965EBA1B3AA1D200D549FC /* Sources */ = {
			isa = PBXSourcesBuildPhase;
			buildActionMask = 2147483647;
			files = (
				A7965EC51B3AA1D200D549FC /* _623AfterClassPracticeAFNetworkingTests.m in Sources */,
			);
			runOnlyForDeploymentPostprocessing = 0;
		};
/* End PBXSourcesBuildPhase section */

/* Begin PBXTargetDependency section */
		A7965EC01B3AA1D200D549FC /* PBXTargetDependency */ = {
			isa = PBXTargetDependency;
			target = A7965EA41B3AA1D100D549FC /* 0623AfterClassPracticeAFNetworking */;
			targetProxy = A7965EBF1B3AA1D200D549FC /* PBXContainerItemProxy */;
		};
/* End PBXTargetDependency section */

/* Begin PBXVariantGroup section */
		A7965EB21B3AA1D200D549FC /* Main.storyboard */ = {
			isa = PBXVariantGroup;
			children = (
				A7965EB31B3AA1D200D549FC /* Base */,
			);
			name = Main.storyboard;
			sourceTree = "<group>";
		};
		A7965EB71B3AA1D200D549FC /* LaunchScreen.xib */ = {
			isa = PBXVariantGroup;
			children = (
				A7965EB81B3AA1D200D549FC /* Base */,
			);
			name = LaunchScreen.xib;
			sourceTree = "<group>";
		};
/* End PBXVariantGroup section */

/* Begin XCBuildConfiguration section */
		A7965EC61B3AA1D200D549FC /* Debug */ = {
			isa = XCBuildConfiguration;
			buildSettings = {
				ALWAYS_SEARCH_USER_PATHS = NO;
				CLANG_CXX_LANGUAGE_STANDARD = "gnu++0x";
				CLANG_CXX_LIBRARY = "libc++";
				CLANG_ENABLE_MODULES = YES;
				CLANG_ENABLE_OBJC_ARC = YES;
				CLANG_WARN_BOOL_CONVERSION = YES;
				CLANG_WARN_CONSTANT_CONVERSION = YES;
				CLANG_WARN_DIRECT_OBJC_ISA_USAGE = YES_ERROR;
				CLANG_WARN_EMPTY_BODY = YES;
				CLANG_WARN_ENUM_CONVERSION = YES;
				CLANG_WARN_INT_CONVERSION = YES;
				CLANG_WARN_OBJC_ROOT_CLASS = YES_ERROR;
				CLANG_WARN_UNREACHABLE_CODE = YES;
				CLANG_WARN__DUPLICATE_METHOD_MATCH = YES;
				"CODE_SIGN_IDENTITY[sdk=iphoneos*]" = "iPhone Developer";
				COPY_PHASE_STRIP = NO;
				DEBUG_INFORMATION_FORMAT = "dwarf-with-dsym";
				ENABLE_STRICT_OBJC_MSGSEND = YES;
				GCC_C_LANGUAGE_STANDARD = gnu99;
				GCC_DYNAMIC_NO_PIC = NO;
				GCC_NO_COMMON_BLOCKS = YES;
				GCC_OPTIMIZATION_LEVEL = 0;
				GCC_PREPROCESSOR_DEFINITIONS = (
					"DEBUG=1",
					"$(inherited)",
				);
				GCC_SYMBOLS_PRIVATE_EXTERN = NO;
				GCC_WARN_64_TO_32_BIT_CONVERSION = YES;
				GCC_WARN_ABOUT_RETURN_TYPE = YES_ERROR;
				GCC_WARN_UNDECLARED_SELECTOR = YES;
				GCC_WARN_UNINITIALIZED_AUTOS = YES_AGGRESSIVE;
				GCC_WARN_UNUSED_FUNCTION = YES;
				GCC_WARN_UNUSED_VARIABLE = YES;
				IPHONEOS_DEPLOYMENT_TARGET = 8.3;
				MTL_ENABLE_DEBUG_INFO = YES;
				ONLY_ACTIVE_ARCH = YES;
				SDKROOT = iphoneos;
				TARGETED_DEVICE_FAMILY = "1,2";
			};
			name = Debug;
		};
		A7965EC71B3AA1D200D549FC /* Release */ = {
			isa = XCBuildConfiguration;
			buildSettings = {
				ALWAYS_SEARCH_USER_PATHS = NO;
				CLANG_CXX_LANGUAGE_STANDARD = "gnu++0x";
				CLANG_CXX_LIBRARY = "libc++";
				CLANG_ENABLE_MODULES = YES;
				CLANG_ENABLE_OBJC_ARC = YES;
				CLANG_WARN_BOOL_CONVERSION = YES;
				CLANG_WARN_CONSTANT_CONVERSION = YES;
				CLANG_WARN_DIRECT_OBJC_ISA_USAGE = YES_ERROR;
				CLANG_WARN_EMPTY_BODY = YES;
				CLANG_WARN_ENUM_CONVERSION = YES;
				CLANG_WARN_INT_CONVERSION = YES;
				CLANG_WARN_OBJC_ROOT_CLASS = YES_ERROR;
				CLANG_WARN_UNREACHABLE_CODE = YES;
				CLANG_WARN__DUPLICATE_METHOD_MATCH = YES;
				"CODE_SIGN_IDENTITY[sdk=iphoneos*]" = "iPhone Developer";
				COPY_PHASE_STRIP = NO;
				DEBUG_INFORMATION_FORMAT = "dwarf-with-dsym";
				ENABLE_NS_ASSERTIONS = NO;
				ENABLE_STRICT_OBJC_MSGSEND = YES;
				GCC_C_LANGUAGE_STANDARD = gnu99;
				GCC_NO_COMMON_BLOCKS = YES;
				GCC_WARN_64_TO_32_BIT_CONVERSION = YES;
				GCC_WARN_ABOUT_RETURN_TYPE = YES_ERROR;
				GCC_WARN_UNDECLARED_SELECTOR = YES;
				GCC_WARN_UNINITIALIZED_AUTOS = YES_AGGRESSIVE;
				GCC_WARN_UNUSED_FUNCTION = YES;
				GCC_WARN_UNUSED_VARIABLE = YES;
				IPHONEOS_DEPLOYMENT_TARGET = 8.3;
				MTL_ENABLE_DEBUG_INFO = NO;
				SDKROOT = iphoneos;
				TARGETED_DEVICE_FAMILY = "1,2";
				VALIDATE_PRODUCT = YES;
			};
			name = Release;
		};
		A7965EC91B3AA1D200D549FC /* Debug */ = {
			isa = XCBuildConfiguration;
			baseConfigurationReference = 494B27F1C3B7832EF973E9CB /* Pods-0623AfterClassPracticeAFNetworking.debug.xcconfig */;
			buildSettings = {
				ASSETCATALOG_COMPILER_APPICON_NAME = AppIcon;
				INFOPLIST_FILE = 0623AfterClassPracticeAFNetworking/Info.plist;
				LD_RUNPATH_SEARCH_PATHS = "$(inherited) @executable_path/Frameworks";
				PRODUCT_NAME = "$(TARGET_NAME)";
			};
			name = Debug;
		};
		A7965ECA1B3AA1D200D549FC /* Release */ = {
			isa = XCBuildConfiguration;
			baseConfigurationReference = 531AEEC20CC18CE0FFC87089 /* Pods-0623AfterClassPracticeAFNetworking.release.xcconfig */;
			buildSettings = {
				ASSETCATALOG_COMPILER_APPICON_NAME = AppIcon;
				INFOPLIST_FILE = 0623AfterClassPracticeAFNetworking/Info.plist;
				LD_RUNPATH_SEARCH_PATHS = "$(inherited) @executable_path/Frameworks";
				PRODUCT_NAME = "$(TARGET_NAME)";
			};
			name = Release;
		};
		A7965ECC1B3AA1D200D549FC /* Debug */ = {
			isa = XCBuildConfiguration;
			buildSettings = {
				BUNDLE_LOADER = "$(TEST_HOST)";
				FRAMEWORK_SEARCH_PATHS = (
					"$(SDKROOT)/Developer/Library/Frameworks",
					"$(inherited)",
				);
				GCC_PREPROCESSOR_DEFINITIONS = (
					"DEBUG=1",
					"$(inherited)",
				);
				INFOPLIST_FILE = 0623AfterClassPracticeAFNetworkingTests/Info.plist;
				LD_RUNPATH_SEARCH_PATHS = "$(inherited) @executable_path/Frameworks @loader_path/Frameworks";
				PRODUCT_NAME = "$(TARGET_NAME)";
				TEST_HOST = "$(BUILT_PRODUCTS_DIR)/0623AfterClassPracticeAFNetworking.app/0623AfterClassPracticeAFNetworking";
			};
			name = Debug;
		};
		A7965ECD1B3AA1D200D549FC /* Release */ = {
			isa = XCBuildConfiguration;
			buildSettings = {
				BUNDLE_LOADER = "$(TEST_HOST)";
				FRAMEWORK_SEARCH_PATHS = (
					"$(SDKROOT)/Developer/Library/Frameworks",
					"$(inherited)",
				);
				INFOPLIST_FILE = 0623AfterClassPracticeAFNetworkingTests/Info.plist;
				LD_RUNPATH_SEARCH_PATHS = "$(inherited) @executable_path/Frameworks @loader_path/Frameworks";
				PRODUCT_NAME = "$(TARGET_NAME)";
				TEST_HOST = "$(BUILT_PRODUCTS_DIR)/0623AfterClassPracticeAFNetworking.app/0623AfterClassPracticeAFNetworking";
			};
			name = Release;
		};
/* End XCBuildConfiguration section */

/* Begin XCConfigurationList section */
		A7965EA01B3AA1D100D549FC /* Build configuration list for PBXProject "0623AfterClassPracticeAFNetworking" */ = {
			isa = XCConfigurationList;
			buildConfigurations = (
				A7965EC61B3AA1D200D549FC /* Debug */,
				A7965EC71B3AA1D200D549FC /* Release */,
			);
			defaultConfigurationIsVisible = 0;
			defaultConfigurationName = Release;
		};
		A7965EC81B3AA1D200D549FC /* Build configuration list for PBXNativeTarget "0623AfterClassPracticeAFNetworking" */ = {
			isa = XCConfigurationList;
			buildConfigurations = (
				A7965EC91B3AA1D200D549FC /* Debug */,
				A7965ECA1B3AA1D200D549FC /* Release */,
			);
			defaultConfigurationIsVisible = 0;
			defaultConfigurationName = Release;
		};
		A7965ECB1B3AA1D200D549FC /* Build configuration list for PBXNativeTarget "0623AfterClassPracticeAFNetworkingTests" */ = {
			isa = XCConfigurationList;
			buildConfigurations = (
				A7965ECC1B3AA1D200D549FC /* Debug */,
				A7965ECD1B3AA1D200D549FC /* Release */,
			);
			defaultConfigurationIsVisible = 0;
			defaultConfigurationName = Release;
		};
/* End XCConfigurationList section */
	};
	rootObject = A7965E9D1B3AA1D100D549FC /* Project object */;
}
